
Microsoft Visual Studio Solution File, Format Version 12.00
# Visual Studio 15
VisualStudioVersion = 15.0.27004.2002
MinimumVisualStudioVersion = 10.0.40219.1
Project("{9A19103F-16F7-4668-BE54-9A1E7A4F7556}") = "Zadatak2", "Zadatak2\Zadatak2.csproj", "{FD90B788-43CB-425D-88D7-EB3801ED6CA8}"
EndProject
Global
	GlobalSection(SolutionConfigurationPlatforms) = preSolution
		Debug|Any CPU = Debug|Any CPU
		Release|Any CPU = Release|Any CPU
	EndGlobalSection
	GlobalSection(ProjectConfigurationPlatforms) = postSolution
		{FD90B788-43CB-425D-88D7-EB3801ED6CA8}.Debug|Any CPU.ActiveCfg = Debug|Any CPU
		{FD90B788-43CB-425D-88D7-EB3801ED6CA8}.Debug|Any CPU.Build.0 = Debug|Any CPU
		{FD90B788-43CB-425D-88D7-EB3801ED6CA8}.Release|Any CPU.ActiveCfg = Release|Any CPU
		{FD90B788-43CB-425D-88D7-EB3801ED6CA8}.Release|Any CPU.Build.0 = Release|Any CPU
	EndGlobalSection
	GlobalSection(SolutionProperties) = preSolution
		HideSolutionNode = FALSE
	EndGlobalSection
	GlobalSection(ExtensibilityGlobals) = postSolution
		SolutionGuid = {6818229E-4057-4E72-918C-1F19BD3C7981}
	EndGlobalSection
EndGlobal
